
Microsoft Visual Studio Solution File, Format Version 12.00
# Visual Studio Version 16
VisualStudioVersion = 16.0.31112.23
MinimumVisualStudioVersion = 10.0.40219.1
Project("{FAE04EC0-301F-11D3-BF4B-00C04F79EFBC}") = "ebola", "ebola.csproj", "{42DE782E-B95B-4275-9311-77D3A414CB12}"
EndProject
Global
	GlobalSection(SolutionConfigurationPlatforms) = preSolution
		Debug|Any CPU = Debug|Any CPU
		Release|Any CPU = Release|Any CPU
	EndGlobalSection
	GlobalSection(ProjectConfigurationPlatforms) = postSolution
		{42DE782E-B95B-4275-9311-77D3A414CB12}.Debug|Any CPU.ActiveCfg = Debug|Any CPU
		{42DE782E-B95B-4275-9311-77D3A414CB12}.Debug|Any CPU.Build.0 = Debug|Any CPU
		{42DE782E-B95B-4275-9311-77D3A414CB12}.Release|Any CPU.ActiveCfg = Release|Any CPU
		{42DE782E-B95B-4275-9311-77D3A414CB12}.Release|Any CPU.Build.0 = Release|Any CPU
	EndGlobalSection
	GlobalSection(SolutionProperties) = preSolution
		HideSolutionNode = FALSE
	EndGlobalSection
	GlobalSection(ExtensibilityGlobals) = postSolution
		SolutionGuid = {9691E01B-B3CF-44AE-B46F-52184AC79EE5}
	EndGlobalSection
EndGlobal
